# This file is generated by running "yarn install" inside your project.
# Manual changes might be lost - proceed with caution!

__metadata:
  version: 8
  cacheKey: 10

"@my-org/demo-app-ko@workspace:apps/demo-app-ko":
  version: 0.0.0-use.local
  resolution: "@my-org/demo-app-ko@workspace:apps/demo-app-ko"
  dependencies:
    "@my-org/lib-greeting": "workspace:*"
    "@types/node": "npm:24.0.10"
    typescript: "npm:5.7.3"
  languageName: unknown
  linkType: soft

"@my-org/demo-app-ok@workspace:apps/demo-app-ok":
  version: 0.0.0-use.local
  resolution: "@my-org/demo-app-ok@workspace:apps/demo-app-ok"
  dependencies:
    "@types/node": "npm:24.0.10"
    typescript: "npm:5.7.3"
  languageName: unknown
  linkType: soft

"@my-org/lib-greeting@workspace:*, @my-org/lib-greeting@workspace:libs/lib-greeting":
  version: 0.0.0-use.local
  resolution: "@my-org/lib-greeting@workspace:libs/lib-greeting"
  dependencies:
    "@types/node": "npm:24.0.10"
    typescript: "npm:5.7.3"
  languageName: unknown
  linkType: soft

"@types/node@npm:24.0.10":
  version: 24.0.10
  resolution: "@types/node@npm:24.0.10"
  dependencies:
    undici-types: "npm:~7.8.0"
  checksum: 10/ff8921c515d72fbc0a11ff282096e2d2e11ac04a2e9c7f765bcec5cb69cd367a88ab5dd556dc162ac98b9212957939b7ae80f12f3fc90db10c82135affd6d120
  languageName: node
  linkType: hard

"my-org@workspace:.":
  version: 0.0.0-use.local
  resolution: "my-org@workspace:."
  dependencies:
    "@types/node": "npm:24.0.10"
    typescript: "npm:5.7.3"
  languageName: unknown
  linkType: soft

"typescript@npm:5.7.3":
  version: 5.7.3
  resolution: "typescript@npm:5.7.3"
  bin:
    tsc: bin/tsc
    tsserver: bin/tsserver
  checksum: 10/6a7e556de91db3d34dc51cd2600e8e91f4c312acd8e52792f243c7818dfadb27bae677175fad6947f9c81efb6c57eb6b2d0c736f196a6ee2f1f7d57b74fc92fa
  languageName: node
  linkType: hard

"typescript@patch:typescript@npm%3A5.7.3#optional!builtin<compat/typescript>":
  version: 5.7.3
  resolution: "typescript@patch:typescript@npm%3A5.7.3#optional!builtin<compat/typescript>::version=5.7.3&hash=5786d5"
  bin:
    tsc: bin/tsc
    tsserver: bin/tsserver
  checksum: 10/dc58d777eb4c01973f7fbf1fd808aad49a0efdf545528dab9b07d94fdcb65b8751742804c3057e9619a4627f2d9cc85547fdd49d9f4326992ad0181b49e61d81
  languageName: node
  linkType: hard

"undici-types@npm:~7.8.0":
  version: 7.8.0
  resolution: "undici-types@npm:7.8.0"
  checksum: 10/fcff3fbab234f067fbd69e374ee2c198ba74c364ceaf6d93db7ca267e784457b5518cd01d0d2329b075f412574205ea3172a9a675facb49b4c9efb7141cd80b7
  languageName: node
  linkType: hard
